
Microsoft Visual Studio Solution File, Format Version 12.00
# Visual Studio 15
VisualStudioVersion = 15.0.26124.0
MinimumVisualStudioVersion = 15.0.26124.0
Project("{2150E333-8FDC-42A3-9474-1A3956D46DE8}") = "test", "test", "{0863C46C-3D74-4371-A196-0DC58261E848}"
EndProject
Project("{FAE04EC0-301F-11D3-BF4B-00C04F79EFBC}") = "B3Engine.Base.Test", "test\Base\B3Engine.Base.Test.csproj", "{93DCE71A-B643-4066-8649-5628E7E4BA9A}"
EndProject
Project("{FAE04EC0-301F-11D3-BF4B-00C04F79EFBC}") = "B3Engine.OpenGL", "build\B3Engine.OpenGL.csproj", "{AF733F64-085F-4219-B215-20B623EAAD6E}"
EndProject
Project("{FAE04EC0-301F-11D3-BF4B-00C04F79EFBC}") = "SDL", "test\SDL\SDL.csproj", "{8DA6A9E4-2BC2-4655-9ADB-BEF2E5500C6B}"
EndProject
Project("{FAE04EC0-301F-11D3-BF4B-00C04F79EFBC}") = "GLSL", "test\GLSL\GLSL.csproj", "{3E5398D3-B926-4862-B565-8EB7758B816F}"
EndProject
Global
	GlobalSection(SolutionProperties) = preSolution
		HideSolutionNode = FALSE
	EndGlobalSection
	GlobalSection(SolutionConfigurationPlatforms) = preSolution
		Debug|Any CPU = Debug|Any CPU
		Debug|x64 = Debug|x64
		Debug|x86 = Debug|x86
		Release|Any CPU = Release|Any CPU
		Release|x64 = Release|x64
		Release|x86 = Release|x86
	EndGlobalSection
	GlobalSection(ProjectConfigurationPlatforms) = postSolution
		{93DCE71A-B643-4066-8649-5628E7E4BA9A}.Debug|Any CPU.ActiveCfg = Debug|Any CPU
		{93DCE71A-B643-4066-8649-5628E7E4BA9A}.Debug|Any CPU.Build.0 = Debug|Any CPU
		{93DCE71A-B643-4066-8649-5628E7E4BA9A}.Debug|x64.ActiveCfg = Debug|Any CPU
		{93DCE71A-B643-4066-8649-5628E7E4BA9A}.Debug|x64.Build.0 = Debug|Any CPU
		{93DCE71A-B643-4066-8649-5628E7E4BA9A}.Debug|x86.ActiveCfg = Debug|Any CPU
		{93DCE71A-B643-4066-8649-5628E7E4BA9A}.Debug|x86.Build.0 = Debug|Any CPU
		{93DCE71A-B643-4066-8649-5628E7E4BA9A}.Release|Any CPU.ActiveCfg = Release|Any CPU
		{93DCE71A-B643-4066-8649-5628E7E4BA9A}.Release|Any CPU.Build.0 = Release|Any CPU
		{93DCE71A-B643-4066-8649-5628E7E4BA9A}.Release|x64.ActiveCfg = Release|Any CPU
		{93DCE71A-B643-4066-8649-5628E7E4BA9A}.Release|x64.Build.0 = Release|Any CPU
		{93DCE71A-B643-4066-8649-5628E7E4BA9A}.Release|x86.ActiveCfg = Release|Any CPU
		{93DCE71A-B643-4066-8649-5628E7E4BA9A}.Release|x86.Build.0 = Release|Any CPU
		{AF733F64-085F-4219-B215-20B623EAAD6E}.Debug|Any CPU.ActiveCfg = Debug|Any CPU
		{AF733F64-085F-4219-B215-20B623EAAD6E}.Debug|Any CPU.Build.0 = Debug|Any CPU
		{AF733F64-085F-4219-B215-20B623EAAD6E}.Debug|x64.ActiveCfg = Debug|Any CPU
		{AF733F64-085F-4219-B215-20B623EAAD6E}.Debug|x64.Build.0 = Debug|Any CPU
		{AF733F64-085F-4219-B215-20B623EAAD6E}.Debug|x86.ActiveCfg = Debug|Any CPU
		{AF733F64-085F-4219-B215-20B623EAAD6E}.Debug|x86.Build.0 = Debug|Any CPU
		{AF733F64-085F-4219-B215-20B623EAAD6E}.Release|Any CPU.ActiveCfg = Release|Any CPU
		{AF733F64-085F-4219-B215-20B623EAAD6E}.Release|Any CPU.Build.0 = Release|Any CPU
		{AF733F64-085F-4219-B215-20B623EAAD6E}.Release|x64.ActiveCfg = Release|Any CPU
		{AF733F64-085F-4219-B215-20B623EAAD6E}.Release|x64.Build.0 = Release|Any CPU
		{AF733F64-085F-4219-B215-20B623EAAD6E}.Release|x86.ActiveCfg = Release|Any CPU
		{AF733F64-085F-4219-B215-20B623EAAD6E}.Release|x86.Build.0 = Release|Any CPU
		{8DA6A9E4-2BC2-4655-9ADB-BEF2E5500C6B}.Debug|Any CPU.ActiveCfg = Debug|Any CPU
		{8DA6A9E4-2BC2-4655-9ADB-BEF2E5500C6B}.Debug|Any CPU.Build.0 = Debug|Any CPU
		{8DA6A9E4-2BC2-4655-9ADB-BEF2E5500C6B}.Debug|x64.ActiveCfg = Debug|Any CPU
		{8DA6A9E4-2BC2-4655-9ADB-BEF2E5500C6B}.Debug|x64.Build.0 = Debug|Any CPU
		{8DA6A9E4-2BC2-4655-9ADB-BEF2E5500C6B}.Debug|x86.ActiveCfg = Debug|Any CPU
		{8DA6A9E4-2BC2-4655-9ADB-BEF2E5500C6B}.Debug|x86.Build.0 = Debug|Any CPU
		{8DA6A9E4-2BC2-4655-9ADB-BEF2E5500C6B}.Release|Any CPU.ActiveCfg = Release|Any CPU
		{8DA6A9E4-2BC2-4655-9ADB-BEF2E5500C6B}.Release|Any CPU.Build.0 = Release|Any CPU
		{8DA6A9E4-2BC2-4655-9ADB-BEF2E5500C6B}.Release|x64.ActiveCfg = Release|Any CPU
		{8DA6A9E4-2BC2-4655-9ADB-BEF2E5500C6B}.Release|x64.Build.0 = Release|Any CPU
		{8DA6A9E4-2BC2-4655-9ADB-BEF2E5500C6B}.Release|x86.ActiveCfg = Release|Any CPU
		{8DA6A9E4-2BC2-4655-9ADB-BEF2E5500C6B}.Release|x86.Build.0 = Release|Any CPU
		{3E5398D3-B926-4862-B565-8EB7758B816F}.Debug|Any CPU.ActiveCfg = Debug|Any CPU
		{3E5398D3-B926-4862-B565-8EB7758B816F}.Debug|Any CPU.Build.0 = Debug|Any CPU
		{3E5398D3-B926-4862-B565-8EB7758B816F}.Debug|x64.ActiveCfg = Debug|Any CPU
		{3E5398D3-B926-4862-B565-8EB7758B816F}.Debug|x64.Build.0 = Debug|Any CPU
		{3E5398D3-B926-4862-B565-8EB7758B816F}.Debug|x86.ActiveCfg = Debug|Any CPU
		{3E5398D3-B926-4862-B565-8EB7758B816F}.Debug|x86.Build.0 = Debug|Any CPU
		{3E5398D3-B926-4862-B565-8EB7758B816F}.Release|Any CPU.ActiveCfg = Release|Any CPU
		{3E5398D3-B926-4862-B565-8EB7758B816F}.Release|Any CPU.Build.0 = Release|Any CPU
		{3E5398D3-B926-4862-B565-8EB7758B816F}.Release|x64.ActiveCfg = Release|Any CPU
		{3E5398D3-B926-4862-B565-8EB7758B816F}.Release|x64.Build.0 = Release|Any CPU
		{3E5398D3-B926-4862-B565-8EB7758B816F}.Release|x86.ActiveCfg = Release|Any CPU
		{3E5398D3-B926-4862-B565-8EB7758B816F}.Release|x86.Build.0 = Release|Any CPU
	EndGlobalSection
	GlobalSection(NestedProjects) = preSolution
		{93DCE71A-B643-4066-8649-5628E7E4BA9A} = {0863C46C-3D74-4371-A196-0DC58261E848}
		{8DA6A9E4-2BC2-4655-9ADB-BEF2E5500C6B} = {0863C46C-3D74-4371-A196-0DC58261E848}
		{3E5398D3-B926-4862-B565-8EB7758B816F} = {0863C46C-3D74-4371-A196-0DC58261E848}
	EndGlobalSection
EndGlobal
