
Microsoft Visual Studio Solution File, Format Version 12.00
# Visual Studio 15
VisualStudioVersion = 15.0.26124.0
MinimumVisualStudioVersion = 15.0.26124.0
Project("{FAE04EC0-301F-11D3-BF4B-00C04F79EFBC}") = "B3Engine.OpenGL", "build\B3Engine.OpenGL.csproj", "{E6DAA225-880B-46B2-923F-D17708A97BCC}"
EndProject
Project("{2150E333-8FDC-42A3-9474-1A3956D46DE8}") = "test", "test", "{5AA776BB-5CA6-4519-B241-95A2448176F0}"
EndProject
Project("{FAE04EC0-301F-11D3-BF4B-00C04F79EFBC}") = "B3Engine.Base.Test", "test\Base\B3Engine.Base.Test.csproj", "{8B3C9B02-3261-481D-A515-995FBB3EE16D}"
EndProject
Project("{FAE04EC0-301F-11D3-BF4B-00C04F79EFBC}") = "GLSL", "test\GLSL\GLSL.csproj", "{FB1C3495-A5F2-4AC4-830E-0880704F2802}"
EndProject
Project("{FAE04EC0-301F-11D3-BF4B-00C04F79EFBC}") = "SDL", "test\SDL\SDL.csproj", "{102D6A46-752B-42AC-9888-9CE038BFB9D0}"
EndProject
Global
	GlobalSection(SolutionConfigurationPlatforms) = preSolution
		Debug|Any CPU = Debug|Any CPU
		Debug|x64 = Debug|x64
		Debug|x86 = Debug|x86
		Release|Any CPU = Release|Any CPU
		Release|x64 = Release|x64
		Release|x86 = Release|x86
	EndGlobalSection
	GlobalSection(SolutionProperties) = preSolution
		HideSolutionNode = FALSE
	EndGlobalSection
	GlobalSection(ProjectConfigurationPlatforms) = postSolution
		{E6DAA225-880B-46B2-923F-D17708A97BCC}.Debug|Any CPU.ActiveCfg = Debug|Any CPU
		{E6DAA225-880B-46B2-923F-D17708A97BCC}.Debug|Any CPU.Build.0 = Debug|Any CPU
		{E6DAA225-880B-46B2-923F-D17708A97BCC}.Debug|x64.ActiveCfg = Debug|Any CPU
		{E6DAA225-880B-46B2-923F-D17708A97BCC}.Debug|x64.Build.0 = Debug|Any CPU
		{E6DAA225-880B-46B2-923F-D17708A97BCC}.Debug|x86.ActiveCfg = Debug|Any CPU
		{E6DAA225-880B-46B2-923F-D17708A97BCC}.Debug|x86.Build.0 = Debug|Any CPU
		{E6DAA225-880B-46B2-923F-D17708A97BCC}.Release|Any CPU.ActiveCfg = Release|Any CPU
		{E6DAA225-880B-46B2-923F-D17708A97BCC}.Release|Any CPU.Build.0 = Release|Any CPU
		{E6DAA225-880B-46B2-923F-D17708A97BCC}.Release|x64.ActiveCfg = Release|Any CPU
		{E6DAA225-880B-46B2-923F-D17708A97BCC}.Release|x64.Build.0 = Release|Any CPU
		{E6DAA225-880B-46B2-923F-D17708A97BCC}.Release|x86.ActiveCfg = Release|Any CPU
		{E6DAA225-880B-46B2-923F-D17708A97BCC}.Release|x86.Build.0 = Release|Any CPU
		{8B3C9B02-3261-481D-A515-995FBB3EE16D}.Debug|Any CPU.ActiveCfg = Debug|Any CPU
		{8B3C9B02-3261-481D-A515-995FBB3EE16D}.Debug|Any CPU.Build.0 = Debug|Any CPU
		{8B3C9B02-3261-481D-A515-995FBB3EE16D}.Debug|x64.ActiveCfg = Debug|Any CPU
		{8B3C9B02-3261-481D-A515-995FBB3EE16D}.Debug|x64.Build.0 = Debug|Any CPU
		{8B3C9B02-3261-481D-A515-995FBB3EE16D}.Debug|x86.ActiveCfg = Debug|Any CPU
		{8B3C9B02-3261-481D-A515-995FBB3EE16D}.Debug|x86.Build.0 = Debug|Any CPU
		{8B3C9B02-3261-481D-A515-995FBB3EE16D}.Release|Any CPU.ActiveCfg = Release|Any CPU
		{8B3C9B02-3261-481D-A515-995FBB3EE16D}.Release|Any CPU.Build.0 = Release|Any CPU
		{8B3C9B02-3261-481D-A515-995FBB3EE16D}.Release|x64.ActiveCfg = Release|Any CPU
		{8B3C9B02-3261-481D-A515-995FBB3EE16D}.Release|x64.Build.0 = Release|Any CPU
		{8B3C9B02-3261-481D-A515-995FBB3EE16D}.Release|x86.ActiveCfg = Release|Any CPU
		{8B3C9B02-3261-481D-A515-995FBB3EE16D}.Release|x86.Build.0 = Release|Any CPU
		{FB1C3495-A5F2-4AC4-830E-0880704F2802}.Debug|Any CPU.ActiveCfg = Debug|Any CPU
		{FB1C3495-A5F2-4AC4-830E-0880704F2802}.Debug|Any CPU.Build.0 = Debug|Any CPU
		{FB1C3495-A5F2-4AC4-830E-0880704F2802}.Debug|x64.ActiveCfg = Debug|Any CPU
		{FB1C3495-A5F2-4AC4-830E-0880704F2802}.Debug|x64.Build.0 = Debug|Any CPU
		{FB1C3495-A5F2-4AC4-830E-0880704F2802}.Debug|x86.ActiveCfg = Debug|Any CPU
		{FB1C3495-A5F2-4AC4-830E-0880704F2802}.Debug|x86.Build.0 = Debug|Any CPU
		{FB1C3495-A5F2-4AC4-830E-0880704F2802}.Release|Any CPU.ActiveCfg = Release|Any CPU
		{FB1C3495-A5F2-4AC4-830E-0880704F2802}.Release|Any CPU.Build.0 = Release|Any CPU
		{FB1C3495-A5F2-4AC4-830E-0880704F2802}.Release|x64.ActiveCfg = Release|Any CPU
		{FB1C3495-A5F2-4AC4-830E-0880704F2802}.Release|x64.Build.0 = Release|Any CPU
		{FB1C3495-A5F2-4AC4-830E-0880704F2802}.Release|x86.ActiveCfg = Release|Any CPU
		{FB1C3495-A5F2-4AC4-830E-0880704F2802}.Release|x86.Build.0 = Release|Any CPU
		{102D6A46-752B-42AC-9888-9CE038BFB9D0}.Debug|Any CPU.ActiveCfg = Debug|Any CPU
		{102D6A46-752B-42AC-9888-9CE038BFB9D0}.Debug|Any CPU.Build.0 = Debug|Any CPU
		{102D6A46-752B-42AC-9888-9CE038BFB9D0}.Debug|x64.ActiveCfg = Debug|Any CPU
		{102D6A46-752B-42AC-9888-9CE038BFB9D0}.Debug|x64.Build.0 = Debug|Any CPU
		{102D6A46-752B-42AC-9888-9CE038BFB9D0}.Debug|x86.ActiveCfg = Debug|Any CPU
		{102D6A46-752B-42AC-9888-9CE038BFB9D0}.Debug|x86.Build.0 = Debug|Any CPU
		{102D6A46-752B-42AC-9888-9CE038BFB9D0}.Release|Any CPU.ActiveCfg = Release|Any CPU
		{102D6A46-752B-42AC-9888-9CE038BFB9D0}.Release|Any CPU.Build.0 = Release|Any CPU
		{102D6A46-752B-42AC-9888-9CE038BFB9D0}.Release|x64.ActiveCfg = Release|Any CPU
		{102D6A46-752B-42AC-9888-9CE038BFB9D0}.Release|x64.Build.0 = Release|Any CPU
		{102D6A46-752B-42AC-9888-9CE038BFB9D0}.Release|x86.ActiveCfg = Release|Any CPU
		{102D6A46-752B-42AC-9888-9CE038BFB9D0}.Release|x86.Build.0 = Release|Any CPU
	EndGlobalSection
	GlobalSection(NestedProjects) = preSolution
		{8B3C9B02-3261-481D-A515-995FBB3EE16D} = {5AA776BB-5CA6-4519-B241-95A2448176F0}
		{FB1C3495-A5F2-4AC4-830E-0880704F2802} = {5AA776BB-5CA6-4519-B241-95A2448176F0}
		{102D6A46-752B-42AC-9888-9CE038BFB9D0} = {5AA776BB-5CA6-4519-B241-95A2448176F0}
	EndGlobalSection
EndGlobal
